
Microsoft Visual Studio Solution File, Format Version 12.00
# Visual Studio 15
VisualStudioVersion = 15.0.28307.168
MinimumVisualStudioVersion = 10.0.40219.1
Project("{FAE04EC0-301F-11D3-BF4B-00C04F79EFBC}") = "Web", "Web\Web.csproj", "{43D0C5B8-6CB5-478C-B7A0-E981B9DF887B}"
EndProject
Global
	GlobalSection(SolutionConfigurationPlatforms) = preSolution
		Debug|Any CPU = Debug|Any CPU
		Release|Any CPU = Release|Any CPU
	EndGlobalSection
	GlobalSection(ProjectConfigurationPlatforms) = postSolution
		{43D0C5B8-6CB5-478C-B7A0-E981B9DF887B}.Debug|Any CPU.ActiveCfg = Debug|Any CPU
		{43D0C5B8-6CB5-478C-B7A0-E981B9DF887B}.Debug|Any CPU.Build.0 = Debug|Any CPU
		{43D0C5B8-6CB5-478C-B7A0-E981B9DF887B}.Release|Any CPU.ActiveCfg = Release|Any CPU
		{43D0C5B8-6CB5-478C-B7A0-E981B9DF887B}.Release|Any CPU.Build.0 = Release|Any CPU
	EndGlobalSection
	GlobalSection(SolutionProperties) = preSolution
		HideSolutionNode = FALSE
	EndGlobalSection
	GlobalSection(ExtensibilityGlobals) = postSolution
		SolutionGuid = {268F1CAD-A53E-4878-B0C9-C355B4DA37F3}
	EndGlobalSection
EndGlobal
